
Microsoft Visual Studio Solution File, Format Version 12.00
# Visual Studio 15
Project("{FAE04EC0-301F-11D3-BF4B-00C04F79EFBC}") = "Assembly-CSharp", "Assembly-CSharp.csproj", "{3B5A9F68-3AB5-A898-7CDF-4609108B19FA}"
EndProject
Project("{FAE04EC0-301F-11D3-BF4B-00C04F79EFBC}") = "PhotonUnityNetworking.Demos", "PhotonUnityNetworking.Demos.csproj", "{E2E8FC44-7080-BAC3-B954-CDB54D9C0AD0}"
EndProject
Project("{FAE04EC0-301F-11D3-BF4B-00C04F79EFBC}") = "PhotonRealtime", "PhotonRealtime.csproj", "{A8A70F8B-C9E6-B7D7-D040-F413D186784F}"
EndProject
Project("{FAE04EC0-301F-11D3-BF4B-00C04F79EFBC}") = "PhotonUnityNetworking", "PhotonUnityNetworking.csproj", "{85E4C1A7-FFAF-C1F3-84F5-DDF835742C95}"
EndProject
Project("{FAE04EC0-301F-11D3-BF4B-00C04F79EFBC}") = "PhotonUnityNetworking.Utilities", "PhotonUnityNetworking.Utilities.csproj", "{5E89C81D-25FE-6882-426F-52DB2A03431D}"
EndProject
Project("{FAE04EC0-301F-11D3-BF4B-00C04F79EFBC}") = "PhotonChat", "PhotonChat.csproj", "{03191EAC-B4A4-2DEF-0D05-941A1267EC7F}"
EndProject
Project("{FAE04EC0-301F-11D3-BF4B-00C04F79EFBC}") = "PhotonUnityNetworking.Editor", "PhotonUnityNetworking.Editor.csproj", "{BF53EC97-772E-DBDF-C0EC-31F11B861397}"
EndProject
Project("{FAE04EC0-301F-11D3-BF4B-00C04F79EFBC}") = "PhotonUnityNetworking.Utilities.PhotonPlayer.Editor", "PhotonUnityNetworking.Utilities.PhotonPlayer.Editor.csproj", "{6ED7A04E-C84F-EC9A-3ED8-7FBBCB8649C2}"
EndProject
Project("{FAE04EC0-301F-11D3-BF4B-00C04F79EFBC}") = "PunDemos.DemoSlotcarEditor", "PunDemos.DemoSlotcarEditor.csproj", "{E25C89B9-E505-AA3E-95CF-29C4EBAC5BC2}"
EndProject
Project("{FAE04EC0-301F-11D3-BF4B-00C04F79EFBC}") = "PhotonUnityNetworking.Utilities.Culling.Editor", "PhotonUnityNetworking.Utilities.Culling.Editor.csproj", "{5C39A86C-CE61-8497-D848-020443829B7F}"
EndProject
Project("{FAE04EC0-301F-11D3-BF4B-00C04F79EFBC}") = "PunDemos.DemoHubEditor", "PunDemos.DemoHubEditor.csproj", "{3AC31C96-355E-D80A-1060-45281F9C34F0}"
EndProject
Global
	GlobalSection(SolutionConfigurationPlatforms) = preSolution
		Debug|Any CPU = Debug|Any CPU
		Release|Any CPU = Release|Any CPU
	EndGlobalSection
	GlobalSection(ProjectConfigurationPlatforms) = postSolution
		{3B5A9F68-3AB5-A898-7CDF-4609108B19FA}.Debug|Any CPU.ActiveCfg = Debug|Any CPU
		{3B5A9F68-3AB5-A898-7CDF-4609108B19FA}.Debug|Any CPU.Build.0 = Debug|Any CPU
		{3B5A9F68-3AB5-A898-7CDF-4609108B19FA}.Release|Any CPU.ActiveCfg = Release|Any CPU
		{3B5A9F68-3AB5-A898-7CDF-4609108B19FA}.Release|Any CPU.Build.0 = Release|Any CPU
		{E2E8FC44-7080-BAC3-B954-CDB54D9C0AD0}.Debug|Any CPU.ActiveCfg = Debug|Any CPU
		{E2E8FC44-7080-BAC3-B954-CDB54D9C0AD0}.Debug|Any CPU.Build.0 = Debug|Any CPU
		{E2E8FC44-7080-BAC3-B954-CDB54D9C0AD0}.Release|Any CPU.ActiveCfg = Release|Any CPU
		{E2E8FC44-7080-BAC3-B954-CDB54D9C0AD0}.Release|Any CPU.Build.0 = Release|Any CPU
		{A8A70F8B-C9E6-B7D7-D040-F413D186784F}.Debug|Any CPU.ActiveCfg = Debug|Any CPU
		{A8A70F8B-C9E6-B7D7-D040-F413D186784F}.Debug|Any CPU.Build.0 = Debug|Any CPU
		{A8A70F8B-C9E6-B7D7-D040-F413D186784F}.Release|Any CPU.ActiveCfg = Release|Any CPU
		{A8A70F8B-C9E6-B7D7-D040-F413D186784F}.Release|Any CPU.Build.0 = Release|Any CPU
		{85E4C1A7-FFAF-C1F3-84F5-DDF835742C95}.Debug|Any CPU.ActiveCfg = Debug|Any CPU
		{85E4C1A7-FFAF-C1F3-84F5-DDF835742C95}.Debug|Any CPU.Build.0 = Debug|Any CPU
		{85E4C1A7-FFAF-C1F3-84F5-DDF835742C95}.Release|Any CPU.ActiveCfg = Release|Any CPU
		{85E4C1A7-FFAF-C1F3-84F5-DDF835742C95}.Release|Any CPU.Build.0 = Release|Any CPU
		{5E89C81D-25FE-6882-426F-52DB2A03431D}.Debug|Any CPU.ActiveCfg = Debug|Any CPU
		{5E89C81D-25FE-6882-426F-52DB2A03431D}.Debug|Any CPU.Build.0 = Debug|Any CPU
		{5E89C81D-25FE-6882-426F-52DB2A03431D}.Release|Any CPU.ActiveCfg = Release|Any CPU
		{5E89C81D-25FE-6882-426F-52DB2A03431D}.Release|Any CPU.Build.0 = Release|Any CPU
		{03191EAC-B4A4-2DEF-0D05-941A1267EC7F}.Debug|Any CPU.ActiveCfg = Debug|Any CPU
		{03191EAC-B4A4-2DEF-0D05-941A1267EC7F}.Debug|Any CPU.Build.0 = Debug|Any CPU
		{03191EAC-B4A4-2DEF-0D05-941A1267EC7F}.Release|Any CPU.ActiveCfg = Release|Any CPU
		{03191EAC-B4A4-2DEF-0D05-941A1267EC7F}.Release|Any CPU.Build.0 = Release|Any CPU
		{BF53EC97-772E-DBDF-C0EC-31F11B861397}.Debug|Any CPU.ActiveCfg = Debug|Any CPU
		{BF53EC97-772E-DBDF-C0EC-31F11B861397}.Debug|Any CPU.Build.0 = Debug|Any CPU
		{BF53EC97-772E-DBDF-C0EC-31F11B861397}.Release|Any CPU.ActiveCfg = Release|Any CPU
		{BF53EC97-772E-DBDF-C0EC-31F11B861397}.Release|Any CPU.Build.0 = Release|Any CPU
		{6ED7A04E-C84F-EC9A-3ED8-7FBBCB8649C2}.Debug|Any CPU.ActiveCfg = Debug|Any CPU
		{6ED7A04E-C84F-EC9A-3ED8-7FBBCB8649C2}.Debug|Any CPU.Build.0 = Debug|Any CPU
		{6ED7A04E-C84F-EC9A-3ED8-7FBBCB8649C2}.Release|Any CPU.ActiveCfg = Release|Any CPU
		{6ED7A04E-C84F-EC9A-3ED8-7FBBCB8649C2}.Release|Any CPU.Build.0 = Release|Any CPU
		{E25C89B9-E505-AA3E-95CF-29C4EBAC5BC2}.Debug|Any CPU.ActiveCfg = Debug|Any CPU
		{E25C89B9-E505-AA3E-95CF-29C4EBAC5BC2}.Debug|Any CPU.Build.0 = Debug|Any CPU
		{E25C89B9-E505-AA3E-95CF-29C4EBAC5BC2}.Release|Any CPU.ActiveCfg = Release|Any CPU
		{E25C89B9-E505-AA3E-95CF-29C4EBAC5BC2}.Release|Any CPU.Build.0 = Release|Any CPU
		{5C39A86C-CE61-8497-D848-020443829B7F}.Debug|Any CPU.ActiveCfg = Debug|Any CPU
		{5C39A86C-CE61-8497-D848-020443829B7F}.Debug|Any CPU.Build.0 = Debug|Any CPU
		{5C39A86C-CE61-8497-D848-020443829B7F}.Release|Any CPU.ActiveCfg = Release|Any CPU
		{5C39A86C-CE61-8497-D848-020443829B7F}.Release|Any CPU.Build.0 = Release|Any CPU
		{3AC31C96-355E-D80A-1060-45281F9C34F0}.Debug|Any CPU.ActiveCfg = Debug|Any CPU
		{3AC31C96-355E-D80A-1060-45281F9C34F0}.Debug|Any CPU.Build.0 = Debug|Any CPU
		{3AC31C96-355E-D80A-1060-45281F9C34F0}.Release|Any CPU.ActiveCfg = Release|Any CPU
		{3AC31C96-355E-D80A-1060-45281F9C34F0}.Release|Any CPU.Build.0 = Release|Any CPU
	EndGlobalSection
	GlobalSection(SolutionProperties) = preSolution
		HideSolutionNode = FALSE
	EndGlobalSection
EndGlobal
